Microsoft Visual Studio Solution File, Format Version 12.00
# Visual Studio Version 17
VisualStudioVersion = 17.5.2.0
MinimumVisualStudioVersion = 10.0.40219.1
Project("{FAE04EC0-301F-11D3-BF4B-00C04F79EFBC}") = "Notepad40", "Notepad40.csproj", "{20CCAB72-F6B0-8BE7-633D-1FCD08DC0591}"
EndProject
Global
	GlobalSection(SolutionConfigurationPlatforms) = preSolution
		Debug|Any CPU = Debug|Any CPU
		Release|Any CPU = Release|Any CPU
	EndGlobalSection
	GlobalSection(ProjectConfigurationPlatforms) = postSolution
		{20CCAB72-F6B0-8BE7-633D-1FCD08DC0591}.Debug|Any CPU.ActiveCfg = Debug|Any CPU
		{20CCAB72-F6B0-8BE7-633D-1FCD08DC0591}.Debug|Any CPU.Build.0 = Debug|Any CPU
		{20CCAB72-F6B0-8BE7-633D-1FCD08DC0591}.Release|Any CPU.ActiveCfg = Release|Any CPU
		{20CCAB72-F6B0-8BE7-633D-1FCD08DC0591}.Release|Any CPU.Build.0 = Release|Any CPU
	EndGlobalSection
	GlobalSection(SolutionProperties) = preSolution
		HideSolutionNode = FALSE
	EndGlobalSection
	GlobalSection(ExtensibilityGlobals) = postSolution
		SolutionGuid = {CF8891CE-47B7-4D7A-B662-9C0859B41AF8}
	EndGlobalSection
EndGlobal
